
Microsoft Visual Studio Solution File, Format Version 12.00
# Visual Studio 15
VisualStudioVersion = 15.0.26730.3
MinimumVisualStudioVersion = 10.0.40219.1
Project("{FAE04EC0-301F-11D3-BF4B-00C04F79EFBC}") = "DotNetCore.Web", "DotNetCore.Web\DotNetCore.Web.csproj", "{18ECF368-FE86-4139-BBD1-AB49A359B910}"
EndProject
Global
	GlobalSection(SolutionConfigurationPlatforms) = preSolution
		Debug|Any CPU = Debug|Any CPU
		Release|Any CPU = Release|Any CPU
	EndGlobalSection
	GlobalSection(ProjectConfigurationPlatforms) = postSolution
		{18ECF368-FE86-4139-BBD1-AB49A359B910}.Debug|Any CPU.ActiveCfg = Debug|Any CPU
		{18ECF368-FE86-4139-BBD1-AB49A359B910}.Debug|Any CPU.Build.0 = Debug|Any CPU
		{18ECF368-FE86-4139-BBD1-AB49A359B910}.Release|Any CPU.ActiveCfg = Release|Any CPU
		{18ECF368-FE86-4139-BBD1-AB49A359B910}.Release|Any CPU.Build.0 = Release|Any CPU
	EndGlobalSection
	GlobalSection(SolutionProperties) = preSolution
		HideSolutionNode = FALSE
	EndGlobalSection
	GlobalSection(ExtensibilityGlobals) = postSolution
		SolutionGuid = {D404D86B-FD57-48ED-ABA0-A1E8A16AC79F}
	EndGlobalSection
EndGlobal
